{
  "name": "@singapore2022/create-cursor-dev",
  "version": "0.1.1",
  "lockfileVersion": 3,
  "requires": true,
  "packages": {
    "": {
      "name": "@singapore2022/create-cursor-dev",
      "version": "0.1.1",
      "license": "MIT",
      "bin": {
        "create-cursor-dev": "index.js"
      }
    }
  }
}
